
Microsoft Visual Studio Solution File, Format Version 12.00
# Visual Studio Version 16
VisualStudioVersion = 16.0.29806.167
MinimumVisualStudioVersion = 10.0.40219.1
Project("{9A19103F-16F7-4668-BE54-9A1E7A4F7556}") = "Citect.CtApi", "Citect.CtApi\Citect.CtApi.csproj", "{70B18466-DE7B-4BDB-BB26-9E1F6DECBA72}"
EndProject
Project("{FAE04EC0-301F-11D3-BF4B-00C04F79EFBC}") = "Citect.ConsoleApp", "Citect.ConsoleApp\Citect.ConsoleApp.csproj", "{16BABEE9-97AA-4D36-9325-8B3B69AF5D49}"
EndProject
Project("{FAE04EC0-301F-11D3-BF4B-00C04F79EFBC}") = "Citect.AlarmDriver", "Citect.AlarmDriver\Citect.AlarmDriver.csproj", "{0ECB76B4-E3EC-49BB-A024-01797388FCA2}"
EndProject
Global
	GlobalSection(SolutionConfigurationPlatforms) = preSolution
		Debug|Any CPU = Debug|Any CPU
		Release|Any CPU = Release|Any CPU
	EndGlobalSection
	GlobalSection(ProjectConfigurationPlatforms) = postSolution
		{70B18466-DE7B-4BDB-BB26-9E1F6DECBA72}.Debug|Any CPU.ActiveCfg = Debug|Any CPU
		{70B18466-DE7B-4BDB-BB26-9E1F6DECBA72}.Debug|Any CPU.Build.0 = Debug|Any CPU
		{70B18466-DE7B-4BDB-BB26-9E1F6DECBA72}.Release|Any CPU.ActiveCfg = Release|Any CPU
		{70B18466-DE7B-4BDB-BB26-9E1F6DECBA72}.Release|Any CPU.Build.0 = Release|Any CPU
		{16BABEE9-97AA-4D36-9325-8B3B69AF5D49}.Debug|Any CPU.ActiveCfg = Debug|Any CPU
		{16BABEE9-97AA-4D36-9325-8B3B69AF5D49}.Debug|Any CPU.Build.0 = Debug|Any CPU
		{16BABEE9-97AA-4D36-9325-8B3B69AF5D49}.Release|Any CPU.ActiveCfg = Release|Any CPU
		{16BABEE9-97AA-4D36-9325-8B3B69AF5D49}.Release|Any CPU.Build.0 = Release|Any CPU
		{0ECB76B4-E3EC-49BB-A024-01797388FCA2}.Debug|Any CPU.ActiveCfg = Debug|Any CPU
		{0ECB76B4-E3EC-49BB-A024-01797388FCA2}.Debug|Any CPU.Build.0 = Debug|Any CPU
		{0ECB76B4-E3EC-49BB-A024-01797388FCA2}.Release|Any CPU.ActiveCfg = Release|Any CPU
		{0ECB76B4-E3EC-49BB-A024-01797388FCA2}.Release|Any CPU.Build.0 = Release|Any CPU
	EndGlobalSection
	GlobalSection(SolutionProperties) = preSolution
		HideSolutionNode = FALSE
	EndGlobalSection
	GlobalSection(ExtensibilityGlobals) = postSolution
		SolutionGuid = {0B80DED4-173D-4212-BC5E-2F81BF0FFE6D}
	EndGlobalSection
EndGlobal
