
Microsoft Visual Studio Solution File, Format Version 12.00
# Visual Studio Version 16
VisualStudioVersion = 16.0.29806.167
MinimumVisualStudioVersion = 10.0.40219.1
Project("{9A19103F-16F7-4668-BE54-9A1E7A4F7556}") = "Citect.CtApi", "Citect.CtApi\Citect.CtApi.csproj", "{70B18466-DE7B-4BDB-BB26-9E1F6DECBA72}"
EndProject
Project("{9A19103F-16F7-4668-BE54-9A1E7A4F7556}") = "Citect.CtApi.Example", "Citect.CtApi.Example\Citect.CtApi.Example.csproj", "{70402AC7-D474-4683-998D-F3F401ADFCB1}"
EndProject
Project("{9A19103F-16F7-4668-BE54-9A1E7A4F7556}") = "Citect.CtApi.Samples.ReadWrite", "Citect.CtApi.Samples.ReadWrite\Citect.CtApi.Samples.ReadWrite.csproj", "{0435771D-3BFA-47E9-A846-58651A5818D0}"
EndProject
Project("{FAE04EC0-301F-11D3-BF4B-00C04F79EFBC}") = "Citect.CtApi.Samples.CiCode", "Citect.CtApi.Samples.CiCode\Citect.CtApi.Samples.CiCode.csproj", "{CA89699F-EB6C-4255-A537-A28930F670F9}"
EndProject
Project("{FAE04EC0-301F-11D3-BF4B-00C04F79EFBC}") = "Citect.CtApi.Samples.Find", "Citect.CtApi.Samples.Find\Citect.CtApi.Samples.Find.csproj", "{C67BC076-4205-4B2F-9ED1-2AE251907975}"
EndProject
Project("{FAE04EC0-301F-11D3-BF4B-00C04F79EFBC}") = "Citect.CtApi.Example2", "Citect.CtApi.Example2\Citect.CtApi.Example2.csproj", "{645005A0-AFF2-4EA0-87F4-F977E8D8404F}"
EndProject
Global
	GlobalSection(SolutionConfigurationPlatforms) = preSolution
		Debug|Any CPU = Debug|Any CPU
		Release|Any CPU = Release|Any CPU
	EndGlobalSection
	GlobalSection(ProjectConfigurationPlatforms) = postSolution
		{70B18466-DE7B-4BDB-BB26-9E1F6DECBA72}.Debug|Any CPU.ActiveCfg = Debug|Any CPU
		{70B18466-DE7B-4BDB-BB26-9E1F6DECBA72}.Debug|Any CPU.Build.0 = Debug|Any CPU
		{70B18466-DE7B-4BDB-BB26-9E1F6DECBA72}.Release|Any CPU.ActiveCfg = Release|Any CPU
		{70B18466-DE7B-4BDB-BB26-9E1F6DECBA72}.Release|Any CPU.Build.0 = Release|Any CPU
		{70402AC7-D474-4683-998D-F3F401ADFCB1}.Debug|Any CPU.ActiveCfg = Debug|Any CPU
		{70402AC7-D474-4683-998D-F3F401ADFCB1}.Debug|Any CPU.Build.0 = Debug|Any CPU
		{70402AC7-D474-4683-998D-F3F401ADFCB1}.Release|Any CPU.ActiveCfg = Release|Any CPU
		{70402AC7-D474-4683-998D-F3F401ADFCB1}.Release|Any CPU.Build.0 = Release|Any CPU
		{0435771D-3BFA-47E9-A846-58651A5818D0}.Debug|Any CPU.ActiveCfg = Debug|Any CPU
		{0435771D-3BFA-47E9-A846-58651A5818D0}.Debug|Any CPU.Build.0 = Debug|Any CPU
		{0435771D-3BFA-47E9-A846-58651A5818D0}.Release|Any CPU.ActiveCfg = Release|Any CPU
		{0435771D-3BFA-47E9-A846-58651A5818D0}.Release|Any CPU.Build.0 = Release|Any CPU
		{CA89699F-EB6C-4255-A537-A28930F670F9}.Debug|Any CPU.ActiveCfg = Debug|Any CPU
		{CA89699F-EB6C-4255-A537-A28930F670F9}.Debug|Any CPU.Build.0 = Debug|Any CPU
		{CA89699F-EB6C-4255-A537-A28930F670F9}.Release|Any CPU.ActiveCfg = Release|Any CPU
		{CA89699F-EB6C-4255-A537-A28930F670F9}.Release|Any CPU.Build.0 = Release|Any CPU
		{C67BC076-4205-4B2F-9ED1-2AE251907975}.Debug|Any CPU.ActiveCfg = Debug|Any CPU
		{C67BC076-4205-4B2F-9ED1-2AE251907975}.Debug|Any CPU.Build.0 = Debug|Any CPU
		{C67BC076-4205-4B2F-9ED1-2AE251907975}.Release|Any CPU.ActiveCfg = Release|Any CPU
		{C67BC076-4205-4B2F-9ED1-2AE251907975}.Release|Any CPU.Build.0 = Release|Any CPU
		{645005A0-AFF2-4EA0-87F4-F977E8D8404F}.Debug|Any CPU.ActiveCfg = Debug|Any CPU
		{645005A0-AFF2-4EA0-87F4-F977E8D8404F}.Debug|Any CPU.Build.0 = Debug|Any CPU
		{645005A0-AFF2-4EA0-87F4-F977E8D8404F}.Release|Any CPU.ActiveCfg = Release|Any CPU
		{645005A0-AFF2-4EA0-87F4-F977E8D8404F}.Release|Any CPU.Build.0 = Release|Any CPU
	EndGlobalSection
	GlobalSection(SolutionProperties) = preSolution
		HideSolutionNode = FALSE
	EndGlobalSection
	GlobalSection(ExtensibilityGlobals) = postSolution
		SolutionGuid = {0B80DED4-173D-4212-BC5E-2F81BF0FFE6D}
	EndGlobalSection
EndGlobal
